
Microsoft Visual Studio Solution File, Format Version 12.00
# Visual Studio Version 17
VisualStudioVersion = 17.4.33213.308
MinimumVisualStudioVersion = 10.0.40219.1
Project("{FAE04EC0-301F-11D3-BF4B-00C04F79EFBC}") = "Yave", "Yave.csproj", "{F00E865C-49FC-4109-ACBC-FBD40E5BFEDA}"
EndProject
Project("{FAE04EC0-301F-11D3-BF4B-00C04F79EFBC}") = "Yave.Skill", "..\Yave.Skill\Yave.Skill.csproj", "{F7935F45-E712-47D4-A817-AF1DCDBBF406}"
EndProject
Project("{FAE04EC0-301F-11D3-BF4B-00C04F79EFBC}") = "YaveDBLib", "..\YaveDBLib\YaveDBLib.csproj", "{31E735F3-8BF5-4773-8D07-5266D6621BF3}"
EndProject
Global
	GlobalSection(SolutionConfigurationPlatforms) = preSolution
		Debug|Any CPU = Debug|Any CPU
		Release|Any CPU = Release|Any CPU
	EndGlobalSection
	GlobalSection(ProjectConfigurationPlatforms) = postSolution
		{F00E865C-49FC-4109-ACBC-FBD40E5BFEDA}.Debug|Any CPU.ActiveCfg = Debug|Any CPU
		{F00E865C-49FC-4109-ACBC-FBD40E5BFEDA}.Debug|Any CPU.Build.0 = Debug|Any CPU
		{F00E865C-49FC-4109-ACBC-FBD40E5BFEDA}.Release|Any CPU.ActiveCfg = Release|Any CPU
		{F00E865C-49FC-4109-ACBC-FBD40E5BFEDA}.Release|Any CPU.Build.0 = Release|Any CPU
		{F7935F45-E712-47D4-A817-AF1DCDBBF406}.Debug|Any CPU.ActiveCfg = Debug|Any CPU
		{F7935F45-E712-47D4-A817-AF1DCDBBF406}.Debug|Any CPU.Build.0 = Debug|Any CPU
		{F7935F45-E712-47D4-A817-AF1DCDBBF406}.Release|Any CPU.ActiveCfg = Release|Any CPU
		{F7935F45-E712-47D4-A817-AF1DCDBBF406}.Release|Any CPU.Build.0 = Release|Any CPU
		{31E735F3-8BF5-4773-8D07-5266D6621BF3}.Debug|Any CPU.ActiveCfg = Debug|Any CPU
		{31E735F3-8BF5-4773-8D07-5266D6621BF3}.Debug|Any CPU.Build.0 = Debug|Any CPU
		{31E735F3-8BF5-4773-8D07-5266D6621BF3}.Release|Any CPU.ActiveCfg = Release|Any CPU
		{31E735F3-8BF5-4773-8D07-5266D6621BF3}.Release|Any CPU.Build.0 = Release|Any CPU
	EndGlobalSection
	GlobalSection(SolutionProperties) = preSolution
		HideSolutionNode = FALSE
	EndGlobalSection
	GlobalSection(ExtensibilityGlobals) = postSolution
		SolutionGuid = {9868A6F6-998C-42C5-AD21-DB9BBA5C11E2}
	EndGlobalSection
EndGlobal
